
Microsoft Visual Studio Solution File, Format Version 12.00
# Visual Studio Version 16
VisualStudioVersion = 16.0.36128.20
MinimumVisualStudioVersion = 10.0.40219.1
Project("{FAE04EC0-301F-11D3-BF4B-00C04F79EFBC}") = "CodeChallenge_1", "CodeChallenge_1\CodeChallenge_1.csproj", "{0E96BB05-0433-4E8B-95D4-DF4F69E7D0F7}"
EndProject
Global
	GlobalSection(SolutionConfigurationPlatforms) = preSolution
		Debug|Any CPU = Debug|Any CPU
		Release|Any CPU = Release|Any CPU
	EndGlobalSection
	GlobalSection(ProjectConfigurationPlatforms) = postSolution
		{0E96BB05-0433-4E8B-95D4-DF4F69E7D0F7}.Debug|Any CPU.ActiveCfg = Debug|Any CPU
		{0E96BB05-0433-4E8B-95D4-DF4F69E7D0F7}.Debug|Any CPU.Build.0 = Debug|Any CPU
		{0E96BB05-0433-4E8B-95D4-DF4F69E7D0F7}.Release|Any CPU.ActiveCfg = Release|Any CPU
		{0E96BB05-0433-4E8B-95D4-DF4F69E7D0F7}.Release|Any CPU.Build.0 = Release|Any CPU
	EndGlobalSection
	GlobalSection(SolutionProperties) = preSolution
		HideSolutionNode = FALSE
	EndGlobalSection
	GlobalSection(ExtensibilityGlobals) = postSolution
		SolutionGuid = {4DD56EA2-8B7D-488B-BC65-18F489EC2221}
	EndGlobalSection
EndGlobal
