
Microsoft Visual Studio Solution File, Format Version 12.00
# Visual Studio Version 16
VisualStudioVersion = 16.0.36128.20
MinimumVisualStudioVersion = 10.0.40219.1
Project("{FAE04EC0-301F-11D3-BF4B-00C04F79EFBC}") = "Assignment_1", "Assignment_1\Assignment_1.csproj", "{3473413E-0410-415C-8E19-8DF18AB3EA51}"
EndProject
Global
	GlobalSection(SolutionConfigurationPlatforms) = preSolution
		Debug|Any CPU = Debug|Any CPU
		Release|Any CPU = Release|Any CPU
	EndGlobalSection
	GlobalSection(ProjectConfigurationPlatforms) = postSolution
		{3473413E-0410-415C-8E19-8DF18AB3EA51}.Debug|Any CPU.ActiveCfg = Debug|Any CPU
		{3473413E-0410-415C-8E19-8DF18AB3EA51}.Debug|Any CPU.Build.0 = Debug|Any CPU
		{3473413E-0410-415C-8E19-8DF18AB3EA51}.Release|Any CPU.ActiveCfg = Release|Any CPU
		{3473413E-0410-415C-8E19-8DF18AB3EA51}.Release|Any CPU.Build.0 = Release|Any CPU
	EndGlobalSection
	GlobalSection(SolutionProperties) = preSolution
		HideSolutionNode = FALSE
	EndGlobalSection
	GlobalSection(ExtensibilityGlobals) = postSolution
		SolutionGuid = {27D39555-6EB7-47EA-BC80-D2B732D5B68A}
	EndGlobalSection
EndGlobal
