
Microsoft Visual Studio Solution File, Format Version 12.00
# Visual Studio Version 16
VisualStudioVersion = 16.0.36128.20
MinimumVisualStudioVersion = 10.0.40219.1
Project("{FAE04EC0-301F-11D3-BF4B-00C04F79EFBC}") = "Assignment_1", "Assignment_1\Assignment_1.csproj", "{B37DDAD1-6170-4320-BF1D-B2537C9869C5}"
EndProject
Global
	GlobalSection(SolutionConfigurationPlatforms) = preSolution
		Debug|Any CPU = Debug|Any CPU
		Release|Any CPU = Release|Any CPU
	EndGlobalSection
	GlobalSection(ProjectConfigurationPlatforms) = postSolution
		{B37DDAD1-6170-4320-BF1D-B2537C9869C5}.Debug|Any CPU.ActiveCfg = Debug|Any CPU
		{B37DDAD1-6170-4320-BF1D-B2537C9869C5}.Debug|Any CPU.Build.0 = Debug|Any CPU
		{B37DDAD1-6170-4320-BF1D-B2537C9869C5}.Release|Any CPU.ActiveCfg = Release|Any CPU
		{B37DDAD1-6170-4320-BF1D-B2537C9869C5}.Release|Any CPU.Build.0 = Release|Any CPU
	EndGlobalSection
	GlobalSection(SolutionProperties) = preSolution
		HideSolutionNode = FALSE
	EndGlobalSection
	GlobalSection(ExtensibilityGlobals) = postSolution
		SolutionGuid = {A0E59077-2254-4FD1-8EA1-BA2B1543C361}
	EndGlobalSection
EndGlobal
