
Microsoft Visual Studio Solution File, Format Version 12.00
# Visual Studio Version 16
VisualStudioVersion = 16.0.36128.20
MinimumVisualStudioVersion = 10.0.40219.1
Project("{FAE04EC0-301F-11D3-BF4B-00C04F79EFBC}") = "IKart_ServerSide", "IKart_ServerSide\IKart_ServerSide.csproj", "{78FA2C58-3FB0-4F72-B4FE-D2491539F5BE}"
EndProject
Project("{FAE04EC0-301F-11D3-BF4B-00C04F79EFBC}") = "IKart_Client", "IKart_Client\IKart_Client.csproj", "{23C11268-A966-427D-A053-70410F501697}"
EndProject
Project("{FAE04EC0-301F-11D3-BF4B-00C04F79EFBC}") = "IKart_Shared", "IKart_Shared\IKart_Shared.csproj", "{F4AC81E9-889B-4D56-B848-E93E05467E6D}"
EndProject
Project("{FAE04EC0-301F-11D3-BF4B-00C04F79EFBC}") = "IKart_Testing", "IKart_Testing\IKart_Testing.csproj", "{9A452303-2CD8-4F2F-98FE-87D9E2A47C19}"
EndProject
Global
	GlobalSection(SolutionConfigurationPlatforms) = preSolution
		Debug|Any CPU = Debug|Any CPU
		Release|Any CPU = Release|Any CPU
	EndGlobalSection
	GlobalSection(ProjectConfigurationPlatforms) = postSolution
		{78FA2C58-3FB0-4F72-B4FE-D2491539F5BE}.Debug|Any CPU.ActiveCfg = Debug|Any CPU
		{78FA2C58-3FB0-4F72-B4FE-D2491539F5BE}.Debug|Any CPU.Build.0 = Debug|Any CPU
		{78FA2C58-3FB0-4F72-B4FE-D2491539F5BE}.Release|Any CPU.ActiveCfg = Release|Any CPU
		{78FA2C58-3FB0-4F72-B4FE-D2491539F5BE}.Release|Any CPU.Build.0 = Release|Any CPU
		{23C11268-A966-427D-A053-70410F501697}.Debug|Any CPU.ActiveCfg = Debug|Any CPU
		{23C11268-A966-427D-A053-70410F501697}.Debug|Any CPU.Build.0 = Debug|Any CPU
		{23C11268-A966-427D-A053-70410F501697}.Release|Any CPU.ActiveCfg = Release|Any CPU
		{23C11268-A966-427D-A053-70410F501697}.Release|Any CPU.Build.0 = Release|Any CPU
		{F4AC81E9-889B-4D56-B848-E93E05467E6D}.Debug|Any CPU.ActiveCfg = Debug|Any CPU
		{F4AC81E9-889B-4D56-B848-E93E05467E6D}.Debug|Any CPU.Build.0 = Debug|Any CPU
		{F4AC81E9-889B-4D56-B848-E93E05467E6D}.Release|Any CPU.ActiveCfg = Release|Any CPU
		{F4AC81E9-889B-4D56-B848-E93E05467E6D}.Release|Any CPU.Build.0 = Release|Any CPU
		{9A452303-2CD8-4F2F-98FE-87D9E2A47C19}.Debug|Any CPU.ActiveCfg = Debug|Any CPU
		{9A452303-2CD8-4F2F-98FE-87D9E2A47C19}.Debug|Any CPU.Build.0 = Debug|Any CPU
		{9A452303-2CD8-4F2F-98FE-87D9E2A47C19}.Release|Any CPU.ActiveCfg = Release|Any CPU
		{9A452303-2CD8-4F2F-98FE-87D9E2A47C19}.Release|Any CPU.Build.0 = Release|Any CPU
	EndGlobalSection
	GlobalSection(SolutionProperties) = preSolution
		HideSolutionNode = FALSE
	EndGlobalSection
	GlobalSection(ExtensibilityGlobals) = postSolution
		SolutionGuid = {90ACF6AD-F396-460B-9676-0CD7D7254E41}
	EndGlobalSection
EndGlobal
