
Microsoft Visual Studio Solution File, Format Version 12.00
# Visual Studio Version 16
VisualStudioVersion = 16.0.36128.20
MinimumVisualStudioVersion = 10.0.40219.1
Project("{FAE04EC0-301F-11D3-BF4B-00C04F79EFBC}") = "RailwayReservationADO", "RailwayReservationADO\RailwayReservationADO.csproj", "{6AC6EC4D-28CF-46F6-A890-0F153590A899}"
EndProject
Global
	GlobalSection(SolutionConfigurationPlatforms) = preSolution
		Debug|Any CPU = Debug|Any CPU
		Release|Any CPU = Release|Any CPU
	EndGlobalSection
	GlobalSection(ProjectConfigurationPlatforms) = postSolution
		{6AC6EC4D-28CF-46F6-A890-0F153590A899}.Debug|Any CPU.ActiveCfg = Debug|Any CPU
		{6AC6EC4D-28CF-46F6-A890-0F153590A899}.Debug|Any CPU.Build.0 = Debug|Any CPU
		{6AC6EC4D-28CF-46F6-A890-0F153590A899}.Release|Any CPU.ActiveCfg = Release|Any CPU
		{6AC6EC4D-28CF-46F6-A890-0F153590A899}.Release|Any CPU.Build.0 = Release|Any CPU
	EndGlobalSection
	GlobalSection(SolutionProperties) = preSolution
		HideSolutionNode = FALSE
	EndGlobalSection
	GlobalSection(ExtensibilityGlobals) = postSolution
		SolutionGuid = {51C17898-DA8A-42EF-8780-32E90F1275AF}
	EndGlobalSection
EndGlobal
