
Microsoft Visual Studio Solution File, Format Version 12.00
# Visual Studio Version 16
VisualStudioVersion = 16.0.36128.20
MinimumVisualStudioVersion = 10.0.40219.1
Project("{FAE04EC0-301F-11D3-BF4B-00C04F79EFBC}") = "Assignment_1", "Assignment_1\Assignment_1.csproj", "{176DF996-6F3A-4AEF-8DB8-0FBC473927BD}"
EndProject
Global
	GlobalSection(SolutionConfigurationPlatforms) = preSolution
		Debug|Any CPU = Debug|Any CPU
		Release|Any CPU = Release|Any CPU
	EndGlobalSection
	GlobalSection(ProjectConfigurationPlatforms) = postSolution
		{176DF996-6F3A-4AEF-8DB8-0FBC473927BD}.Debug|Any CPU.ActiveCfg = Debug|Any CPU
		{176DF996-6F3A-4AEF-8DB8-0FBC473927BD}.Debug|Any CPU.Build.0 = Debug|Any CPU
		{176DF996-6F3A-4AEF-8DB8-0FBC473927BD}.Release|Any CPU.ActiveCfg = Release|Any CPU
		{176DF996-6F3A-4AEF-8DB8-0FBC473927BD}.Release|Any CPU.Build.0 = Release|Any CPU
	EndGlobalSection
	GlobalSection(SolutionProperties) = preSolution
		HideSolutionNode = FALSE
	EndGlobalSection
	GlobalSection(ExtensibilityGlobals) = postSolution
		SolutionGuid = {40296B4F-822F-4D8D-B521-2292E2E10D1B}
	EndGlobalSection
EndGlobal
