
Microsoft Visual Studio Solution File, Format Version 12.00
# Visual Studio Version 16
VisualStudioVersion = 16.0.36128.20
MinimumVisualStudioVersion = 10.0.40219.1
Project("{FAE04EC0-301F-11D3-BF4B-00C04F79EFBC}") = "CC_9_Database_First", "Code_Challenge_9\CC_9_Database_First.csproj", "{E547B71C-1366-4BF7-BAF6-1526E2445B22}"
EndProject
Project("{FAE04EC0-301F-11D3-BF4B-00C04F79EFBC}") = "CC_9_Code_First", "CC_9_Code_First\CC_9_Code_First.csproj", "{C40BA32B-CE82-488F-B034-43E7B1A69B3A}"
EndProject
Global
	GlobalSection(SolutionConfigurationPlatforms) = preSolution
		Debug|Any CPU = Debug|Any CPU
		Release|Any CPU = Release|Any CPU
	EndGlobalSection
	GlobalSection(ProjectConfigurationPlatforms) = postSolution
		{E547B71C-1366-4BF7-BAF6-1526E2445B22}.Debug|Any CPU.ActiveCfg = Debug|Any CPU
		{E547B71C-1366-4BF7-BAF6-1526E2445B22}.Debug|Any CPU.Build.0 = Debug|Any CPU
		{E547B71C-1366-4BF7-BAF6-1526E2445B22}.Release|Any CPU.ActiveCfg = Release|Any CPU
		{E547B71C-1366-4BF7-BAF6-1526E2445B22}.Release|Any CPU.Build.0 = Release|Any CPU
		{C40BA32B-CE82-488F-B034-43E7B1A69B3A}.Debug|Any CPU.ActiveCfg = Debug|Any CPU
		{C40BA32B-CE82-488F-B034-43E7B1A69B3A}.Debug|Any CPU.Build.0 = Debug|Any CPU
		{C40BA32B-CE82-488F-B034-43E7B1A69B3A}.Release|Any CPU.ActiveCfg = Release|Any CPU
		{C40BA32B-CE82-488F-B034-43E7B1A69B3A}.Release|Any CPU.Build.0 = Release|Any CPU
	EndGlobalSection
	GlobalSection(SolutionProperties) = preSolution
		HideSolutionNode = FALSE
	EndGlobalSection
	GlobalSection(ExtensibilityGlobals) = postSolution
		SolutionGuid = {E712FD84-FB07-4F9E-89DF-4765AA7C3277}
	EndGlobalSection
EndGlobal
